<?xml version="1.0" encoding="utf-8"?>
<Project ToolsVersion="4.0" xmlns="http://schemas.microsoft.com/developer/msbuild/2003">
  <ItemGroup>
    <Filter Include="Resource Files">
      <UniqueIdentifier>{67DA6AB6-F800-4c08-8B7A-83BB121AAD01}</UniqueIdentifier>
      <Extensions>rc;ico;cur;bmp;dlg;rc2;rct;bin;rgs;gif;jpg;jpeg;jpe;resx;tiff;tif;png;wav</Extensions>
    </Filter>
    <Filter Include="chess_header">
      <UniqueIdentifier>{f16e3d1b-66fd-4bf4-8f4e-dc1a082114a2}</UniqueIdentifier>
    </Filter>
    <Filter Include="chess_source">
      <UniqueIdentifier>{e4e6457c-4f7e-40d8-a64f-22b49c06101a}</UniqueIdentifier>
    </Filter>
  </ItemGroup>
  <ItemGroup>
    <ClCompile Include="chess_vector.cpp">
      <Filter>chess_source</Filter>
    </ClCompile>
    <ClCompile Include="chess_board.cpp">
      <Filter>chess_source</Filter>
    </ClCompile>
    <ClCompile Include="chess_client.cpp">
      <Filter>chess_source</Filter>
    </ClCompile>
    <ClCompile Include="chess_game.cpp">
      <Filter>chess_source</Filter>
    </ClCompile>
    <ClCompile Include="chess_main.cpp">
      <Filter>chess_source</Filter>
    </ClCompile>
    <ClCompile Include="chess_md2.cpp">
      <Filter>chess_source</Filter>
    </ClCompile>
    <ClCompile Include="chess_opengl.cpp">
      <Filter>chess_source</Filter>
    </ClCompile>
    <ClCompile Include="chess_plane.cpp">
      <Filter>chess_source</Filter>
    </ClCompile>
    <ClCompile Include="chess_texture_manage.cpp">
      <Filter>chess_source</Filter>
    </ClCompile>
    <ClCompile Include="chess_tga_image.cpp">
      <Filter>chess_source</Filter>
    </ClCompile>
    <ClCompile Include="chess_timer.cpp">
      <Filter>chess_source</Filter>
    </ClCompile>
  </ItemGroup>
  <ItemGroup>
    <ClInclude Include="chess_board.h">
      <Filter>chess_header</Filter>
    </ClInclude>
    <ClInclude Include="chess_client.h">
      <Filter>chess_header</Filter>
    </ClInclude>
    <ClInclude Include="chess_game.h">
      <Filter>chess_header</Filter>
    </ClInclude>
    <ClInclude Include="chess_md2.h">
      <Filter>chess_header</Filter>
    </ClInclude>
    <ClInclude Include="chess_network.h">
      <Filter>chess_header</Filter>
    </ClInclude>
    <ClInclude Include="chess_opengl.h">
      <Filter>chess_header</Filter>
    </ClInclude>
    <ClInclude Include="chess_piece.h">
      <Filter>chess_header</Filter>
    </ClInclude>
    <ClInclude Include="chess_plane.h">
      <Filter>chess_header</Filter>
    </ClInclude>
    <ClInclude Include="chess_texture_manage.h">
      <Filter>chess_header</Filter>
    </ClInclude>
    <ClInclude Include="chess_tga_image.h">
      <Filter>chess_header</Filter>
    </ClInclude>
    <ClInclude Include="chess_timer.h">
      <Filter>chess_header</Filter>
    </ClInclude>
    <ClInclude Include="chess_vector.h">
      <Filter>chess_header</Filter>
    </ClInclude>
    <ClInclude Include="glext.h">
      <Filter>chess_header</Filter>
    </ClInclude>
    <ClInclude Include="resource.h">
      <Filter>chess_header</Filter>
    </ClInclude>
  </ItemGroup>
  <ItemGroup>
    <ResourceCompile Include="Chess3D.rc">
      <Filter>Resource Files</Filter>
    </ResourceCompile>
  </ItemGroup>
</Project>